
Microsoft Visual Studio Solution File, Format Version 12.00
# Visual Studio Version 17
VisualStudioVersion = 17.4.33213.308
MinimumVisualStudioVersion = 10.0.40219.1
Project("{FAE04EC0-301F-11D3-BF4B-00C04F79EFBC}") = "BookStore.API", "BookStore.API\BookStore.API.csproj", "{FC6122EE-78CB-44CB-9BB8-63D5A857F932}"
EndProject
Global
	GlobalSection(SolutionConfigurationPlatforms) = preSolution
		Debug|Any CPU = Debug|Any CPU
		Release|Any CPU = Release|Any CPU
	EndGlobalSection
	GlobalSection(ProjectConfigurationPlatforms) = postSolution
		{FC6122EE-78CB-44CB-9BB8-63D5A857F932}.Debug|Any CPU.ActiveCfg = Debug|Any CPU
		{FC6122EE-78CB-44CB-9BB8-63D5A857F932}.Debug|Any CPU.Build.0 = Debug|Any CPU
		{FC6122EE-78CB-44CB-9BB8-63D5A857F932}.Release|Any CPU.ActiveCfg = Release|Any CPU
		{FC6122EE-78CB-44CB-9BB8-63D5A857F932}.Release|Any CPU.Build.0 = Release|Any CPU
	EndGlobalSection
	GlobalSection(SolutionProperties) = preSolution
		HideSolutionNode = FALSE
	EndGlobalSection
	GlobalSection(ExtensibilityGlobals) = postSolution
		SolutionGuid = {DD9C7C8B-E5E8-490F-B8AE-B027A346A4E0}
	EndGlobalSection
EndGlobal
